// !$*UTF8*$!
{
	archiveVersion = 1;
	classes = {
	};
	objectVersion = 56;
	objects = {

/* Begin PBXBuildFile section */
		731F27D82AC4569B0045ACC0 /* Location+CoreDataClass.swift in Sources */ = {isa = PBXBuildFile; fileRef = 731F27D62AC4569B0045ACC0 /* Location+CoreDataClass.swift */; };
		731F27D92AC4569B0045ACC0 /* Location+CoreDataProperties.swift in Sources */ = {isa = PBXBuildFile; fileRef = 731F27D72AC4569B0045ACC0 /* Location+CoreDataProperties.swift */; };
		73AF7ED52AB889C300E83B6F /* AppDelegate.swift in Sources */ = {isa = PBXBuildFile; fileRef = 73AF7ED42AB889C300E83B6F /* AppDelegate.swift */; };
		73AF7ED72AB889C300E83B6F /* SceneDelegate.swift in Sources */ = {isa = PBXBuildFile; fileRef = 73AF7ED62AB889C300E83B6F /* SceneDelegate.swift */; };
		73AF7ED92AB889C300E83B6F /* CurrentLocationViewController.swift in Sources */ = {isa = PBXBuildFile; fileRef = 73AF7ED82AB889C300E83B6F /* CurrentLocationViewController.swift */; };
		73AF7EDC2AB889C300E83B6F /* Main.storyboard in Resources */ = {isa = PBXBuildFile; fileRef = 73AF7EDA2AB889C300E83B6F /* Main.storyboard */; };
		73AF7EDF2AB889C300E83B6F /* MyLocations.xcdatamodeld in Sources */ = {isa = PBXBuildFile; fileRef = 73AF7EDD2AB889C300E83B6F /* MyLocations.xcdatamodeld */; };
		73AF7EE12AB889C400E83B6F /* Assets.xcassets in Resources */ = {isa = PBXBuildFile; fileRef = 73AF7EE02AB889C400E83B6F /* Assets.xcassets */; };
		73AF7EE42AB889C400E83B6F /* LaunchScreen.storyboard in Resources */ = {isa = PBXBuildFile; fileRef = 73AF7EE22AB889C400E83B6F /* LaunchScreen.storyboard */; };
		73AF7EEC2AB9DC0700E83B6F /* LocationDetailsViewController.swift in Sources */ = {isa = PBXBuildFile; fileRef = 73AF7EEB2AB9DC0700E83B6F /* LocationDetailsViewController.swift */; };
		73BCA8FE2AC6D1F500AA8826 /* Functions.swift in Sources */ = {isa = PBXBuildFile; fileRef = 73BCA8FD2AC6D1F500AA8826 /* Functions.swift */; };
		73C508DA2ABAE825005C9561 /* CategoryPickerViewController.swift in Sources */ = {isa = PBXBuildFile; fileRef = 73C508D92ABAE825005C9561 /* CategoryPickerViewController.swift */; };
		73C508DD2ABB2F0E005C9561 /* HudView.swift in Sources */ = {isa = PBXBuildFile; fileRef = 73C508DC2ABB2F0E005C9561 /* HudView.swift */; };
/* End PBXBuildFile section */

/* Begin PBXFileReference section */
		731F27D62AC4569B0045ACC0 /* Location+CoreDataClass.swift */ = {isa = PBXFileReference; lastKnownFileType = sourcecode.swift; path = "Location+CoreDataClass.swift"; sourceTree = "<group>"; };
		731F27D72AC4569B0045ACC0 /* Location+CoreDataProperties.swift */ = {isa = PBXFileReference; lastKnownFileType = sourcecode.swift; path = "Location+CoreDataProperties.swift"; sourceTree = "<group>"; };
		73AF7ED12AB889C300E83B6F /* MyLocations.app */ = {isa = PBXFileReference; explicitFileType = wrapper.application; includeInIndex = 0; path = MyLocations.app; sourceTree = BUILT_PRODUCTS_DIR; };
		73AF7ED42AB889C300E83B6F /* AppDelegate.swift */ = {isa = PBXFileReference; lastKnownFileType = sourcecode.swift; path = AppDelegate.swift; sourceTree = "<group>"; };
		73AF7ED62AB889C300E83B6F /* SceneDelegate.swift */ = {isa = PBXFileReference; lastKnownFileType = sourcecode.swift; path = SceneDelegate.swift; sourceTree = "<group>"; };
		73AF7ED82AB889C300E83B6F /* CurrentLocationViewController.swift */ = {isa = PBXFileReference; lastKnownFileType = sourcecode.swift; path = CurrentLocationViewController.swift; sourceTree = "<group>"; };
		73AF7EDB2AB889C300E83B6F /* Base */ = {isa = PBXFileReference; lastKnownFileType = file.storyboard; name = Base; path = Base.lproj/Main.storyboard; sourceTree = "<group>"; };
		73AF7EDE2AB889C300E83B6F /* MyLocations.xcdatamodel */ = {isa = PBXFileReference; lastKnownFileType = wrapper.xcdatamodel; path = MyLocations.xcdatamodel; sourceTree = "<group>"; };
		73AF7EE02AB889C400E83B6F /* Assets.xcassets */ = {isa = PBXFileReference; lastKnownFileType = folder.assetcatalog; path = Assets.xcassets; sourceTree = "<group>"; };
		73AF7EE32AB889C400E83B6F /* Base */ = {isa = PBXFileReference; lastKnownFileType = file.storyboard; name = Base; path = Base.lproj/LaunchScreen.storyboard; sourceTree = "<group>"; };
		73AF7EE52AB889C400E83B6F /* Info.plist */ = {isa = PBXFileReference; lastKnownFileType = text.plist.xml; path = Info.plist; sourceTree = "<group>"; };
		73AF7EEB2AB9DC0700E83B6F /* LocationDetailsViewController.swift */ = {isa = PBXFileReference; lastKnownFileType = sourcecode.swift; path = LocationDetailsViewController.swift; sourceTree = "<group>"; };
		73BCA8FD2AC6D1F500AA8826 /* Functions.swift */ = {isa = PBXFileReference; lastKnownFileType = sourcecode.swift; path = Functions.swift; sourceTree = "<group>"; };
		73C508D92ABAE825005C9561 /* CategoryPickerViewController.swift */ = {isa = PBXFileReference; lastKnownFileType = sourcecode.swift; path = CategoryPickerViewController.swift; sourceTree = "<group>"; };
		73C508DC2ABB2F0E005C9561 /* HudView.swift */ = {isa = PBXFileReference; lastKnownFileType = sourcecode.swift; path = HudView.swift; sourceTree = "<group>"; };
/* End PBXFileReference section */

/* Begin PBXFrameworksBuildPhase section */
		73AF7ECE2AB889C300E83B6F /* Frameworks */ = {
			isa = PBXFrameworksBuildPhase;
			buildActionMask = 2147483647;
			files = (
			);
			runOnlyForDeploymentPostprocessing = 0;
		};
/* End PBXFrameworksBuildPhase section */

/* Begin PBXGroup section */
		73AF7EC82AB889C300E83B6F = {
			isa = PBXGroup;
			children = (
				731F27D62AC4569B0045ACC0 /* Location+CoreDataClass.swift */,
				731F27D72AC4569B0045ACC0 /* Location+CoreDataProperties.swift */,
				73AF7ED32AB889C300E83B6F /* MyLocations */,
				73AF7ED22AB889C300E83B6F /* Products */,
			);
			sourceTree = "<group>";
		};
		73AF7ED22AB889C300E83B6F /* Products */ = {
			isa = PBXGroup;
			children = (
				73AF7ED12AB889C300E83B6F /* MyLocations.app */,
			);
			name = Products;
			sourceTree = "<group>";
		};
		73AF7ED32AB889C300E83B6F /* MyLocations */ = {
			isa = PBXGroup;
			children = (
				73AF7ED42AB889C300E83B6F /* AppDelegate.swift */,
				73AF7ED62AB889C300E83B6F /* SceneDelegate.swift */,
				73AF7EE02AB889C400E83B6F /* Assets.xcassets */,
				73AF7EE52AB889C400E83B6F /* Info.plist */,
				73AF7EE22AB889C400E83B6F /* LaunchScreen.storyboard */,
				73AF7EDA2AB889C300E83B6F /* Main.storyboard */,
				73AF7EDD2AB889C300E83B6F /* MyLocations.xcdatamodeld */,
				73C508DB2ABB2EF9005C9561 /* View */,
				73AF7EED2AB9DC1C00E83B6F /* ViewController */,
				73BCA8FD2AC6D1F500AA8826 /* Functions.swift */,
			);
			path = MyLocations;
			sourceTree = "<group>";
		};
		73AF7EED2AB9DC1C00E83B6F /* ViewController */ = {
			isa = PBXGroup;
			children = (
				73C508D92ABAE825005C9561 /* CategoryPickerViewController.swift */,
				73AF7ED82AB889C300E83B6F /* CurrentLocationViewController.swift */,
				73AF7EEB2AB9DC0700E83B6F /* LocationDetailsViewController.swift */,
			);
			path = ViewController;
			sourceTree = "<group>";
		};
		73C508DB2ABB2EF9005C9561 /* View */ = {
			isa = PBXGroup;
			children = (
				73C508DC2ABB2F0E005C9561 /* HudView.swift */,
			);
			path = View;
			sourceTree = "<group>";
		};
/* End PBXGroup section */

/* Begin PBXNativeTarget section */
		73AF7ED02AB889C300E83B6F /* MyLocations */ = {
			isa = PBXNativeTarget;
			buildConfigurationList = 73AF7EE82AB889C400E83B6F /* Build configuration list for PBXNativeTarget "MyLocations" */;
			buildPhases = (
				73AF7ECD2AB889C300E83B6F /* Sources */,
				73AF7ECE2AB889C300E83B6F /* Frameworks */,
				73AF7ECF2AB889C300E83B6F /* Resources */,
			);
			buildRules = (
			);
			dependencies = (
			);
			name = MyLocations;
			productName = MyLocations;
			productReference = 73AF7ED12AB889C300E83B6F /* MyLocations.app */;
			productType = "com.apple.product-type.application";
		};
/* End PBXNativeTarget section */

/* Begin PBXProject section */
		73AF7EC92AB889C300E83B6F /* Project object */ = {
			isa = PBXProject;
			attributes = {
				BuildIndependentTargetsInParallel = 1;
				LastSwiftUpdateCheck = 1430;
				LastUpgradeCheck = 1430;
				TargetAttributes = {
					73AF7ED02AB889C300E83B6F = {
						CreatedOnToolsVersion = 14.3.1;
					};
				};
			};
			buildConfigurationList = 73AF7ECC2AB889C300E83B6F /* Build configuration list for PBXProject "MyLocations" */;
			compatibilityVersion = "Xcode 14.0";
			developmentRegion = en;
			hasScannedForEncodings = 0;
			knownRegions = (
				en,
				Base,
			);
			mainGroup = 73AF7EC82AB889C300E83B6F;
			productRefGroup = 73AF7ED22AB889C300E83B6F /* Products */;
			projectDirPath = "";
			projectRoot = "";
			targets = (
				73AF7ED02AB889C300E83B6F /* MyLocations */,
			);
		};
/* End PBXProject section */

/* Begin PBXResourcesBuildPhase section */
		73AF7ECF2AB889C300E83B6F /* Resources */ = {
			isa = PBXResourcesBuildPhase;
			buildActionMask = 2147483647;
			files = (
				73AF7EE42AB889C400E83B6F /* LaunchScreen.storyboard in Resources */,
				73AF7EE12AB889C400E83B6F /* Assets.xcassets in Resources */,
				73AF7EDC2AB889C300E83B6F /* Main.storyboard in Resources */,
			);
			runOnlyForDeploymentPostprocessing = 0;
		};
/* End PBXResourcesBuildPhase section */

/* Begin PBXSourcesBuildPhase section */
		73AF7ECD2AB889C300E83B6F /* Sources */ = {
			isa = PBXSourcesBuildPhase;
			buildActionMask = 2147483647;
			files = (
				73C508DA2ABAE825005C9561 /* CategoryPickerViewController.swift in Sources */,
				73AF7ED92AB889C300E83B6F /* CurrentLocationViewController.swift in Sources */,
				73AF7ED52AB889C300E83B6F /* AppDelegate.swift in Sources */,
				73BCA8FE2AC6D1F500AA8826 /* Functions.swift in Sources */,
				73AF7EDF2AB889C300E83B6F /* MyLocations.xcdatamodeld in Sources */,
				731F27D82AC4569B0045ACC0 /* Location+CoreDataClass.swift in Sources */,
				731F27D92AC4569B0045ACC0 /* Location+CoreDataProperties.swift in Sources */,
				73AF7ED72AB889C300E83B6F /* SceneDelegate.swift in Sources */,
				73C508DD2ABB2F0E005C9561 /* HudView.swift in Sources */,
				73AF7EEC2AB9DC0700E83B6F /* LocationDetailsViewController.swift in Sources */,
			);
			runOnlyForDeploymentPostprocessing = 0;
		};
/* End PBXSourcesBuildPhase section */

/* Begin PBXVariantGroup section */
		73AF7EDA2AB889C300E83B6F /* Main.storyboard */ = {
			isa = PBXVariantGroup;
			children = (
				73AF7EDB2AB889C300E83B6F /* Base */,
			);
			name = Main.storyboard;
			sourceTree = "<group>";
		};
		73AF7EE22AB889C400E83B6F /* LaunchScreen.storyboard */ = {
			isa = PBXVariantGroup;
			children = (
				73AF7EE32AB889C400E83B6F /* Base */,
			);
			name = LaunchScreen.storyboard;
			sourceTree = "<group>";
		};
/* End PBXVariantGroup section */

/* Begin XCBuildConfiguration section */
		73AF7EE62AB889C400E83B6F /* Debug */ = {
			isa = XCBuildConfiguration;
			buildSettings = {
				ALWAYS_SEARCH_USER_PATHS = NO;
				CLANG_ANALYZER_NONNULL = YES;
				CLANG_ANALYZER_NUMBER_OBJECT_CONVERSION = YES_AGGRESSIVE;
				CLANG_CXX_LANGUAGE_STANDARD = "gnu++20";
				CLANG_ENABLE_MODULES = YES;
				CLANG_ENABLE_OBJC_ARC = YES;
				CLANG_ENABLE_OBJC_WEAK = YES;
				CLANG_WARN_BLOCK_CAPTURE_AUTORELEASING = YES;
				CLANG_WARN_BOOL_CONVERSION = YES;
				CLANG_WARN_COMMA = YES;
				CLANG_WARN_CONSTANT_CONVERSION = YES;
				CLANG_WARN_DEPRECATED_OBJC_IMPLEMENTATIONS = YES;
				CLANG_WARN_DIRECT_OBJC_ISA_USAGE = YES_ERROR;
				CLANG_WARN_DOCUMENTATION_COMMENTS = YES;
				CLANG_WARN_EMPTY_BODY = YES;
				CLANG_WARN_ENUM_CONVERSION = YES;
				CLANG_WARN_INFINITE_RECURSION = YES;
				CLANG_WARN_INT_CONVERSION = YES;
				CLANG_WARN_NON_LITERAL_NULL_CONVERSION = YES;
				CLANG_WARN_OBJC_IMPLICIT_RETAIN_SELF = YES;
				CLANG_WARN_OBJC_LITERAL_CONVERSION = YES;
				CLANG_WARN_OBJC_ROOT_CLASS = YES_ERROR;
				CLANG_WARN_QUOTED_INCLUDE_IN_FRAMEWORK_HEADER = YES;
				CLANG_WARN_RANGE_LOOP_ANALYSIS = YES;
				CLANG_WARN_STRICT_PROTOTYPES = YES;
				CLANG_WARN_SUSPICIOUS_MOVE = YES;
				CLANG_WARN_UNGUARDED_AVAILABILITY = YES_AGGRESSIVE;
				CLANG_WARN_UNREACHABLE_CODE = YES;
				CLANG_WARN__DUPLICATE_METHOD_MATCH = YES;
				COPY_PHASE_STRIP = NO;
				DEBUG_INFORMATION_FORMAT = dwarf;
				ENABLE_STRICT_OBJC_MSGSEND = YES;
				ENABLE_TESTABILITY = YES;
				GCC_C_LANGUAGE_STANDARD = gnu11;
				GCC_DYNAMIC_NO_PIC = NO;
				GCC_NO_COMMON_BLOCKS = YES;
				GCC_OPTIMIZATION_LEVEL = 0;
				GCC_PREPROCESSOR_DEFINITIONS = (
					"DEBUG=1",
					"$(inherited)",
				);
				GCC_WARN_64_TO_32_BIT_CONVERSION = YES;
				GCC_WARN_ABOUT_RETURN_TYPE = YES_ERROR;
				GCC_WARN_UNDECLARED_SELECTOR = YES;
				GCC_WARN_UNINITIALIZED_AUTOS = YES_AGGRESSIVE;
				GCC_WARN_UNUSED_FUNCTION = YES;
				GCC_WARN_UNUSED_VARIABLE = YES;
				IPHONEOS_DEPLOYMENT_TARGET = 16.4;
				MTL_ENABLE_DEBUG_INFO = INCLUDE_SOURCE;
				MTL_FAST_MATH = YES;
				ONLY_ACTIVE_ARCH = YES;
				SDKROOT = iphoneos;
				SWIFT_ACTIVE_COMPILATION_CONDITIONS = DEBUG;
				SWIFT_OPTIMIZATION_LEVEL = "-Onone";
			};
			name = Debug;
		};
		73AF7EE72AB889C400E83B6F /* Release */ = {
			isa = XCBuildConfiguration;
			buildSettings = {
				ALWAYS_SEARCH_USER_PATHS = NO;
				CLANG_ANALYZER_NONNULL = YES;
				CLANG_ANALYZER_NUMBER_OBJECT_CONVERSION = YES_AGGRESSIVE;
				CLANG_CXX_LANGUAGE_STANDARD = "gnu++20";
				CLANG_ENABLE_MODULES = YES;
				CLANG_ENABLE_OBJC_ARC = YES;
				CLANG_ENABLE_OBJC_WEAK = YES;
				CLANG_WARN_BLOCK_CAPTURE_AUTORELEASING = YES;
				CLANG_WARN_BOOL_CONVERSION = YES;
				CLANG_WARN_COMMA = YES;
				CLANG_WARN_CONSTANT_CONVERSION = YES;
				CLANG_WARN_DEPRECATED_OBJC_IMPLEMENTATIONS = YES;
				CLANG_WARN_DIRECT_OBJC_ISA_USAGE = YES_ERROR;
				CLANG_WARN_DOCUMENTATION_COMMENTS = YES;
				CLANG_WARN_EMPTY_BODY = YES;
				CLANG_WARN_ENUM_CONVERSION = YES;
				CLANG_WARN_INFINITE_RECURSION = YES;
				CLANG_WARN_INT_CONVERSION = YES;
				CLANG_WARN_NON_LITERAL_NULL_CONVERSION = YES;
				CLANG_WARN_OBJC_IMPLICIT_RETAIN_SELF = YES;
				CLANG_WARN_OBJC_LITERAL_CONVERSION = YES;
				CLANG_WARN_OBJC_ROOT_CLASS = YES_ERROR;
				CLANG_WARN_QUOTED_INCLUDE_IN_FRAMEWORK_HEADER = YES;
				CLANG_WARN_RANGE_LOOP_ANALYSIS = YES;
				CLANG_WARN_STRICT_PROTOTYPES = YES;
				CLANG_WARN_SUSPICIOUS_MOVE = YES;
				CLANG_WARN_UNGUARDED_AVAILABILITY = YES_AGGRESSIVE;
				CLANG_WARN_UNREACHABLE_CODE = YES;
				CLANG_WARN__DUPLICATE_METHOD_MATCH = YES;
				COPY_PHASE_STRIP = NO;
				DEBUG_INFORMATION_FORMAT = "dwarf-with-dsym";
				ENABLE_NS_ASSERTIONS = NO;
				ENABLE_STRICT_OBJC_MSGSEND = YES;
				GCC_C_LANGUAGE_STANDARD = gnu11;
				GCC_NO_COMMON_BLOCKS = YES;
				GCC_WARN_64_TO_32_BIT_CONVERSION = YES;
				GCC_WARN_ABOUT_RETURN_TYPE = YES_ERROR;
				GCC_WARN_UNDECLARED_SELECTOR = YES;
				GCC_WARN_UNINITIALIZED_AUTOS = YES_AGGRESSIVE;
				GCC_WARN_UNUSED_FUNCTION = YES;
				GCC_WARN_UNUSED_VARIABLE = YES;
				IPHONEOS_DEPLOYMENT_TARGET = 16.4;
				MTL_ENABLE_DEBUG_INFO = NO;
				MTL_FAST_MATH = YES;
				SDKROOT = iphoneos;
				SWIFT_COMPILATION_MODE = wholemodule;
				SWIFT_OPTIMIZATION_LEVEL = "-O";
				VALIDATE_PRODUCT = YES;
			};
			name = Release;
		};
		73AF7EE92AB889C400E83B6F /* Debug */ = {
			isa = XCBuildConfiguration;
			buildSettings = {
				ASSETCATALOG_COMPILER_APPICON_NAME = AppIcon;
				ASSETCATALOG_COMPILER_GLOBAL_ACCENT_COLOR_NAME = AccentColor;
				CODE_SIGN_STYLE = Automatic;
				CURRENT_PROJECT_VERSION = 1;
				DEVELOPMENT_TEAM = 68Y6PK33C5;
				GENERATE_INFOPLIST_FILE = YES;
				INFOPLIST_FILE = MyLocations/Info.plist;
				INFOPLIST_KEY_NSLocationWhenInUseUsageDescription = "This app lets you keep track of interesting places. It needs access to the GPS coordinates for your location.";
				INFOPLIST_KEY_UIApplicationSupportsIndirectInputEvents = YES;
				INFOPLIST_KEY_UILaunchStoryboardName = LaunchScreen;
				INFOPLIST_KEY_UIMainStoryboardFile = Main;
				INFOPLIST_KEY_UIRequiredDeviceCapabilities = "location-services gps";
				INFOPLIST_KEY_UISupportedInterfaceOrientations = UIInterfaceOrientationPortrait;
				INFOPLIST_KEY_UISupportedInterfaceOrientations_iPad = "UIInterfaceOrientationLandscapeLeft UIInterfaceOrientationLandscapeRight UIInterfaceOrientationPortrait UIInterfaceOrientationPortraitUpsideDown";
				IPHONEOS_DEPLOYMENT_TARGET = 15.0;
				LD_RUNPATH_SEARCH_PATHS = (
					"$(inherited)",
					"@executable_path/Frameworks",
				);
				MARKETING_VERSION = 1.0;
				PRODUCT_BUNDLE_IDENTIFIER = MK.MyLocations;
				PRODUCT_NAME = "$(TARGET_NAME)";
				SUPPORTED_PLATFORMS = "iphoneos iphonesimulator";
				SUPPORTS_MACCATALYST = NO;
				SUPPORTS_MAC_DESIGNED_FOR_IPHONE_IPAD = NO;
				SWIFT_EMIT_LOC_STRINGS = YES;
				SWIFT_VERSION = 5.0;
				TARGETED_DEVICE_FAMILY = 1;
			};
			name = Debug;
		};
		73AF7EEA2AB889C400E83B6F /* Release */ = {
			isa = XCBuildConfiguration;
			buildSettings = {
				ASSETCATALOG_COMPILER_APPICON_NAME = AppIcon;
				ASSETCATALOG_COMPILER_GLOBAL_ACCENT_COLOR_NAME = AccentColor;
				CODE_SIGN_STYLE = Automatic;
				CURRENT_PROJECT_VERSION = 1;
				DEVELOPMENT_TEAM = 68Y6PK33C5;
				GENERATE_INFOPLIST_FILE = YES;
				INFOPLIST_FILE = MyLocations/Info.plist;
				INFOPLIST_KEY_NSLocationWhenInUseUsageDescription = "This app lets you keep track of interesting places. It needs access to the GPS coordinates for your location.";
				INFOPLIST_KEY_UIApplicationSupportsIndirectInputEvents = YES;
				INFOPLIST_KEY_UILaunchStoryboardName = LaunchScreen;
				INFOPLIST_KEY_UIMainStoryboardFile = Main;
				INFOPLIST_KEY_UIRequiredDeviceCapabilities = "location-services gps";
				INFOPLIST_KEY_UISupportedInterfaceOrientations = UIInterfaceOrientationPortrait;
				INFOPLIST_KEY_UISupportedInterfaceOrientations_iPad = "UIInterfaceOrientationLandscapeLeft UIInterfaceOrientationLandscapeRight UIInterfaceOrientationPortrait UIInterfaceOrientationPortraitUpsideDown";
				IPHONEOS_DEPLOYMENT_TARGET = 15.0;
				LD_RUNPATH_SEARCH_PATHS = (
					"$(inherited)",
					"@executable_path/Frameworks",
				);
				MARKETING_VERSION = 1.0;
				PRODUCT_BUNDLE_IDENTIFIER = MK.MyLocations;
				PRODUCT_NAME = "$(TARGET_NAME)";
				SUPPORTED_PLATFORMS = "iphoneos iphonesimulator";
				SUPPORTS_MACCATALYST = NO;
				SUPPORTS_MAC_DESIGNED_FOR_IPHONE_IPAD = NO;
				SWIFT_EMIT_LOC_STRINGS = YES;
				SWIFT_VERSION = 5.0;
				TARGETED_DEVICE_FAMILY = 1;
			};
			name = Release;
		};
/* End XCBuildConfiguration section */

/* Begin XCConfigurationList section */
		73AF7ECC2AB889C300E83B6F /* Build configuration list for PBXProject "MyLocations" */ = {
			isa = XCConfigurationList;
			buildConfigurations = (
				73AF7EE62AB889C400E83B6F /* Debug */,
				73AF7EE72AB889C400E83B6F /* Release */,
			);
			defaultConfigurationIsVisible = 0;
			defaultConfigurationName = Release;
		};
		73AF7EE82AB889C400E83B6F /* Build configuration list for PBXNativeTarget "MyLocations" */ = {
			isa = XCConfigurationList;
			buildConfigurations = (
				73AF7EE92AB889C400E83B6F /* Debug */,
				73AF7EEA2AB889C400E83B6F /* Release */,
			);
			defaultConfigurationIsVisible = 0;
			defaultConfigurationName = Release;
		};
/* End XCConfigurationList section */

/* Begin XCVersionGroup section */
		73AF7EDD2AB889C300E83B6F /* MyLocations.xcdatamodeld */ = {
			isa = XCVersionGroup;
			children = (
				73AF7EDE2AB889C300E83B6F /* MyLocations.xcdatamodel */,
			);
			currentVersion = 73AF7EDE2AB889C300E83B6F /* MyLocations.xcdatamodel */;
			path = MyLocations.xcdatamodeld;
			sourceTree = "<group>";
			versionGroupType = wrapper.xcdatamodel;
		};
/* End XCVersionGroup section */
	};
	rootObject = 73AF7EC92AB889C300E83B6F /* Project object */;
}
