// !$*UTF8*$!
{
	archiveVersion = 1;
	classes = {
	};
	objectVersion = 56;
	objects = {

/* Begin PBXBuildFile section */
		730204302AEAB4590027A2DE /*  SearchResult.swift in Sources */ = {isa = PBXBuildFile; fileRef = 7302042F2AEAB4590027A2DE /*  SearchResult.swift */; };
		730204322AEF8F760027A2DE /* SearchResultCell.xib in Resources */ = {isa = PBXBuildFile; fileRef = 730204312AEF8F760027A2DE /* SearchResultCell.xib */; };
		730204342AEF9E3D0027A2DE /* SearchResultCell.swift in Sources */ = {isa = PBXBuildFile; fileRef = 730204332AEF9E3D0027A2DE /* SearchResultCell.swift */; };
		733714772AFD1F0B003D99DA /* UIImageView+DownloadImage.swift in Sources */ = {isa = PBXBuildFile; fileRef = 733714762AFD1F0B003D99DA /* UIImageView+DownloadImage.swift */; };
		733714792AFE44C3003D99DA /* DetailViewController.swift in Sources */ = {isa = PBXBuildFile; fileRef = 733714782AFE44C3003D99DA /* DetailViewController.swift */; };
		7364D8282B04C85700E1F186 /* LandscapeViewController.swift in Sources */ = {isa = PBXBuildFile; fileRef = 7364D8272B04C85700E1F186 /* LandscapeViewController.swift */; };
		7364D82A2B05087E00E1F186 /* FadeOutAnimationController.swift in Sources */ = {isa = PBXBuildFile; fileRef = 7364D8292B05087E00E1F186 /* FadeOutAnimationController.swift */; };
		7364D82C2B06366100E1F186 /* Search.swift in Sources */ = {isa = PBXBuildFile; fileRef = 7364D82B2B06366100E1F186 /* Search.swift */; };
		7388B0462AE918EB00471295 /* AppDelegate.swift in Sources */ = {isa = PBXBuildFile; fileRef = 7388B0452AE918EB00471295 /* AppDelegate.swift */; };
		7388B0482AE918EB00471295 /* SceneDelegate.swift in Sources */ = {isa = PBXBuildFile; fileRef = 7388B0472AE918EB00471295 /* SceneDelegate.swift */; };
		7388B04A2AE918EB00471295 /* SearchViewController.swift in Sources */ = {isa = PBXBuildFile; fileRef = 7388B0492AE918EB00471295 /* SearchViewController.swift */; };
		7388B04D2AE918EB00471295 /* Main.storyboard in Resources */ = {isa = PBXBuildFile; fileRef = 7388B04B2AE918EB00471295 /* Main.storyboard */; };
		7388B04F2AE918EC00471295 /* Assets.xcassets in Resources */ = {isa = PBXBuildFile; fileRef = 7388B04E2AE918EC00471295 /* Assets.xcassets */; };
		739543FD2B07669600A6D29A /* NothingFoundCell.xib in Resources */ = {isa = PBXBuildFile; fileRef = 739543FF2B07669600A6D29A /* NothingFoundCell.xib */; };
		739544012B07671C00A6D29A /* LoadingCell.xib in Resources */ = {isa = PBXBuildFile; fileRef = 739544032B07671C00A6D29A /* LoadingCell.xib */; };
		7395440D2B07769A00A6D29A /* Localizable.strings in Resources */ = {isa = PBXBuildFile; fileRef = 7395440F2B07769A00A6D29A /* Localizable.strings */; };
		73C0F6AA2B0B4F0F00AA05D5 /* MenuViewController.swift in Sources */ = {isa = PBXBuildFile; fileRef = 73C0F6A92B0B4F0F00AA05D5 /* MenuViewController.swift */; };
		73C0F6AC2B0B4F8200AA05D5 /* MenuViewControllerDelegate.swift in Sources */ = {isa = PBXBuildFile; fileRef = 73C0F6AB2B0B4F8200AA05D5 /* MenuViewControllerDelegate.swift */; };
		73C81BCF2B077F3100C2ADD6 /* InfoPlist.strings in Resources */ = {isa = PBXBuildFile; fileRef = 73C81BD12B077F3100C2ADD6 /* InfoPlist.strings */; };
		73F99BD82AFFAA4E00DE3904 /* GradientView.swift in Sources */ = {isa = PBXBuildFile; fileRef = 73F99BD72AFFAA4E00DE3904 /* GradientView.swift */; };
		73F99BDA2AFFAFA500DE3904 /* BounceAnimationController.swift in Sources */ = {isa = PBXBuildFile; fileRef = 73F99BD92AFFAFA500DE3904 /* BounceAnimationController.swift */; };
		73F99BDD2AFFB23400DE3904 /* SlideOutAnimationController.swift in Sources */ = {isa = PBXBuildFile; fileRef = 73F99BDC2AFFB23400DE3904 /* SlideOutAnimationController.swift */; };
/* End PBXBuildFile section */

/* Begin PBXFileReference section */
		7302042F2AEAB4590027A2DE /*  SearchResult.swift */ = {isa = PBXFileReference; lastKnownFileType = sourcecode.swift; path = " SearchResult.swift"; sourceTree = "<group>"; };
		730204312AEF8F760027A2DE /* SearchResultCell.xib */ = {isa = PBXFileReference; lastKnownFileType = file.xib; path = SearchResultCell.xib; sourceTree = "<group>"; };
		730204332AEF9E3D0027A2DE /* SearchResultCell.swift */ = {isa = PBXFileReference; lastKnownFileType = sourcecode.swift; path = SearchResultCell.swift; sourceTree = "<group>"; };
		733714762AFD1F0B003D99DA /* UIImageView+DownloadImage.swift */ = {isa = PBXFileReference; lastKnownFileType = sourcecode.swift; path = "UIImageView+DownloadImage.swift"; sourceTree = "<group>"; };
		733714782AFE44C3003D99DA /* DetailViewController.swift */ = {isa = PBXFileReference; lastKnownFileType = sourcecode.swift; path = DetailViewController.swift; sourceTree = "<group>"; };
		7364D8272B04C85700E1F186 /* LandscapeViewController.swift */ = {isa = PBXFileReference; lastKnownFileType = sourcecode.swift; path = LandscapeViewController.swift; sourceTree = "<group>"; };
		7364D8292B05087E00E1F186 /* FadeOutAnimationController.swift */ = {isa = PBXFileReference; lastKnownFileType = sourcecode.swift; path = FadeOutAnimationController.swift; sourceTree = "<group>"; };
		7364D82B2B06366100E1F186 /* Search.swift */ = {isa = PBXFileReference; lastKnownFileType = sourcecode.swift; path = Search.swift; sourceTree = "<group>"; };
		7388B0422AE918EB00471295 /* StoreSearch.app */ = {isa = PBXFileReference; explicitFileType = wrapper.application; includeInIndex = 0; path = StoreSearch.app; sourceTree = BUILT_PRODUCTS_DIR; };
		7388B0452AE918EB00471295 /* AppDelegate.swift */ = {isa = PBXFileReference; lastKnownFileType = sourcecode.swift; path = AppDelegate.swift; sourceTree = "<group>"; };
		7388B0472AE918EB00471295 /* SceneDelegate.swift */ = {isa = PBXFileReference; lastKnownFileType = sourcecode.swift; path = SceneDelegate.swift; sourceTree = "<group>"; };
		7388B0492AE918EB00471295 /* SearchViewController.swift */ = {isa = PBXFileReference; lastKnownFileType = sourcecode.swift; path = SearchViewController.swift; sourceTree = "<group>"; };
		7388B04C2AE918EB00471295 /* Base */ = {isa = PBXFileReference; lastKnownFileType = file.storyboard; name = Base; path = Base.lproj/Main.storyboard; sourceTree = "<group>"; };
		7388B04E2AE918EC00471295 /* Assets.xcassets */ = {isa = PBXFileReference; lastKnownFileType = folder.assetcatalog; path = Assets.xcassets; sourceTree = "<group>"; };
		7388B0532AE918EC00471295 /* Info.plist */ = {isa = PBXFileReference; lastKnownFileType = text.plist.xml; path = Info.plist; sourceTree = "<group>"; };
		739543FE2B07669600A6D29A /* en */ = {isa = PBXFileReference; lastKnownFileType = file.xib; name = en; path = en.lproj/NothingFoundCell.xib; sourceTree = "<group>"; };
		739544002B0766A700A6D29A /* nl */ = {isa = PBXFileReference; lastKnownFileType = file.xib; name = nl; path = nl.lproj/NothingFoundCell.xib; sourceTree = "<group>"; };
		739544022B07671C00A6D29A /* Base */ = {isa = PBXFileReference; lastKnownFileType = file.xib; name = Base; path = Base.lproj/LoadingCell.xib; sourceTree = "<group>"; };
		739544092B07679800A6D29A /* nl */ = {isa = PBXFileReference; lastKnownFileType = text.plist.strings; name = nl; path = nl.lproj/LoadingCell.strings; sourceTree = "<group>"; };
		7395440A2B0768CE00A6D29A /* nl */ = {isa = PBXFileReference; lastKnownFileType = text.plist.strings; name = nl; path = nl.lproj/Main.strings; sourceTree = "<group>"; };
		7395440E2B07769A00A6D29A /* en */ = {isa = PBXFileReference; lastKnownFileType = text.plist.strings; name = en; path = en.lproj/Localizable.strings; sourceTree = "<group>"; };
		739544112B07776900A6D29A /* nl */ = {isa = PBXFileReference; lastKnownFileType = text.plist.strings; name = nl; path = nl.lproj/Localizable.strings; sourceTree = "<group>"; };
		73C0F6A92B0B4F0F00AA05D5 /* MenuViewController.swift */ = {isa = PBXFileReference; lastKnownFileType = sourcecode.swift; path = MenuViewController.swift; sourceTree = "<group>"; };
		73C0F6AB2B0B4F8200AA05D5 /* MenuViewControllerDelegate.swift */ = {isa = PBXFileReference; lastKnownFileType = sourcecode.swift; path = MenuViewControllerDelegate.swift; sourceTree = "<group>"; };
		73C81BD02B077F3100C2ADD6 /* en */ = {isa = PBXFileReference; lastKnownFileType = text.plist.strings; name = en; path = en.lproj/InfoPlist.strings; sourceTree = "<group>"; };
		73C81BD22B077F3400C2ADD6 /* nl */ = {isa = PBXFileReference; lastKnownFileType = text.plist.strings; name = nl; path = nl.lproj/InfoPlist.strings; sourceTree = "<group>"; };
		73F99BD72AFFAA4E00DE3904 /* GradientView.swift */ = {isa = PBXFileReference; lastKnownFileType = sourcecode.swift; path = GradientView.swift; sourceTree = "<group>"; };
		73F99BD92AFFAFA500DE3904 /* BounceAnimationController.swift */ = {isa = PBXFileReference; lastKnownFileType = sourcecode.swift; path = BounceAnimationController.swift; sourceTree = "<group>"; };
		73F99BDC2AFFB23400DE3904 /* SlideOutAnimationController.swift */ = {isa = PBXFileReference; lastKnownFileType = sourcecode.swift; path = SlideOutAnimationController.swift; sourceTree = "<group>"; };
/* End PBXFileReference section */

/* Begin PBXFrameworksBuildPhase section */
		7388B03F2AE918EB00471295 /* Frameworks */ = {
			isa = PBXFrameworksBuildPhase;
			buildActionMask = 2147483647;
			files = (
			);
			runOnlyForDeploymentPostprocessing = 0;
		};
/* End PBXFrameworksBuildPhase section */

/* Begin PBXGroup section */
		733714752AFD1EDD003D99DA /* Extensions */ = {
			isa = PBXGroup;
			children = (
				733714762AFD1F0B003D99DA /* UIImageView+DownloadImage.swift */,
			);
			path = Extensions;
			sourceTree = "<group>";
		};
		7388B0392AE918EB00471295 = {
			isa = PBXGroup;
			children = (
				7388B0442AE918EB00471295 /* StoreSearch */,
				7388B0432AE918EB00471295 /* Products */,
			);
			sourceTree = "<group>";
		};
		7388B0432AE918EB00471295 /* Products */ = {
			isa = PBXGroup;
			children = (
				7388B0422AE918EB00471295 /* StoreSearch.app */,
			);
			name = Products;
			sourceTree = "<group>";
		};
		7388B0442AE918EB00471295 /* StoreSearch */ = {
			isa = PBXGroup;
			children = (
				7388B0532AE918EC00471295 /* Info.plist */,
				7302042F2AEAB4590027A2DE /*  SearchResult.swift */,
				7388B0452AE918EB00471295 /* AppDelegate.swift */,
				733714782AFE44C3003D99DA /* DetailViewController.swift */,
				73F99BD72AFFAA4E00DE3904 /* GradientView.swift */,
				7364D8272B04C85700E1F186 /* LandscapeViewController.swift */,
				73C0F6A92B0B4F0F00AA05D5 /* MenuViewController.swift */,
				73C0F6AB2B0B4F8200AA05D5 /* MenuViewControllerDelegate.swift */,
				7388B0472AE918EB00471295 /* SceneDelegate.swift */,
				7364D82B2B06366100E1F186 /* Search.swift */,
				730204332AEF9E3D0027A2DE /* SearchResultCell.swift */,
				7388B0492AE918EB00471295 /* SearchViewController.swift */,
				7388B04E2AE918EC00471295 /* Assets.xcassets */,
				730204312AEF8F760027A2DE /* SearchResultCell.xib */,
				73F99BDB2AFFB22A00DE3904 /* Animation */,
				733714752AFD1EDD003D99DA /* Extensions */,
				73C81BD12B077F3100C2ADD6 /* InfoPlist.strings */,
				739544032B07671C00A6D29A /* LoadingCell.xib */,
				7395440F2B07769A00A6D29A /* Localizable.strings */,
				7388B04B2AE918EB00471295 /* Main.storyboard */,
				739543FF2B07669600A6D29A /* NothingFoundCell.xib */,
			);
			path = StoreSearch;
			sourceTree = "<group>";
		};
		73F99BDB2AFFB22A00DE3904 /* Animation */ = {
			isa = PBXGroup;
			children = (
				73F99BD92AFFAFA500DE3904 /* BounceAnimationController.swift */,
				73F99BDC2AFFB23400DE3904 /* SlideOutAnimationController.swift */,
				7364D8292B05087E00E1F186 /* FadeOutAnimationController.swift */,
			);
			path = Animation;
			sourceTree = "<group>";
		};
/* End PBXGroup section */

/* Begin PBXNativeTarget section */
		7388B0412AE918EB00471295 /* StoreSearch */ = {
			isa = PBXNativeTarget;
			buildConfigurationList = 7388B0562AE918EC00471295 /* Build configuration list for PBXNativeTarget "StoreSearch" */;
			buildPhases = (
				7388B03E2AE918EB00471295 /* Sources */,
				7388B03F2AE918EB00471295 /* Frameworks */,
				7388B0402AE918EB00471295 /* Resources */,
			);
			buildRules = (
			);
			dependencies = (
			);
			name = StoreSearch;
			productName = StoreSearch;
			productReference = 7388B0422AE918EB00471295 /* StoreSearch.app */;
			productType = "com.apple.product-type.application";
		};
/* End PBXNativeTarget section */

/* Begin PBXProject section */
		7388B03A2AE918EB00471295 /* Project object */ = {
			isa = PBXProject;
			attributes = {
				BuildIndependentTargetsInParallel = 1;
				LastSwiftUpdateCheck = 1500;
				LastUpgradeCheck = 1500;
				TargetAttributes = {
					7388B0412AE918EB00471295 = {
						CreatedOnToolsVersion = 15.0.1;
					};
				};
			};
			buildConfigurationList = 7388B03D2AE918EB00471295 /* Build configuration list for PBXProject "StoreSearch" */;
			compatibilityVersion = "Xcode 14.0";
			developmentRegion = en;
			hasScannedForEncodings = 0;
			knownRegions = (
				en,
				Base,
				nl,
			);
			mainGroup = 7388B0392AE918EB00471295;
			productRefGroup = 7388B0432AE918EB00471295 /* Products */;
			projectDirPath = "";
			projectRoot = "";
			targets = (
				7388B0412AE918EB00471295 /* StoreSearch */,
			);
		};
/* End PBXProject section */

/* Begin PBXResourcesBuildPhase section */
		7388B0402AE918EB00471295 /* Resources */ = {
			isa = PBXResourcesBuildPhase;
			buildActionMask = 2147483647;
			files = (
				7388B04F2AE918EC00471295 /* Assets.xcassets in Resources */,
				73C81BCF2B077F3100C2ADD6 /* InfoPlist.strings in Resources */,
				7395440D2B07769A00A6D29A /* Localizable.strings in Resources */,
				739544012B07671C00A6D29A /* LoadingCell.xib in Resources */,
				730204322AEF8F760027A2DE /* SearchResultCell.xib in Resources */,
				739543FD2B07669600A6D29A /* NothingFoundCell.xib in Resources */,
				7388B04D2AE918EB00471295 /* Main.storyboard in Resources */,
			);
			runOnlyForDeploymentPostprocessing = 0;
		};
/* End PBXResourcesBuildPhase section */

/* Begin PBXSourcesBuildPhase section */
		7388B03E2AE918EB00471295 /* Sources */ = {
			isa = PBXSourcesBuildPhase;
			buildActionMask = 2147483647;
			files = (
				7364D82C2B06366100E1F186 /* Search.swift in Sources */,
				7388B04A2AE918EB00471295 /* SearchViewController.swift in Sources */,
				73C0F6AC2B0B4F8200AA05D5 /* MenuViewControllerDelegate.swift in Sources */,
				7388B0462AE918EB00471295 /* AppDelegate.swift in Sources */,
				73C0F6AA2B0B4F0F00AA05D5 /* MenuViewController.swift in Sources */,
				7364D82A2B05087E00E1F186 /* FadeOutAnimationController.swift in Sources */,
				733714772AFD1F0B003D99DA /* UIImageView+DownloadImage.swift in Sources */,
				7388B0482AE918EB00471295 /* SceneDelegate.swift in Sources */,
				73F99BDA2AFFAFA500DE3904 /* BounceAnimationController.swift in Sources */,
				7364D8282B04C85700E1F186 /* LandscapeViewController.swift in Sources */,
				730204302AEAB4590027A2DE /*  SearchResult.swift in Sources */,
				730204342AEF9E3D0027A2DE /* SearchResultCell.swift in Sources */,
				73F99BD82AFFAA4E00DE3904 /* GradientView.swift in Sources */,
				733714792AFE44C3003D99DA /* DetailViewController.swift in Sources */,
				73F99BDD2AFFB23400DE3904 /* SlideOutAnimationController.swift in Sources */,
			);
			runOnlyForDeploymentPostprocessing = 0;
		};
/* End PBXSourcesBuildPhase section */

/* Begin PBXVariantGroup section */
		7388B04B2AE918EB00471295 /* Main.storyboard */ = {
			isa = PBXVariantGroup;
			children = (
				7388B04C2AE918EB00471295 /* Base */,
				7395440A2B0768CE00A6D29A /* nl */,
			);
			name = Main.storyboard;
			sourceTree = "<group>";
		};
		739543FF2B07669600A6D29A /* NothingFoundCell.xib */ = {
			isa = PBXVariantGroup;
			children = (
				739543FE2B07669600A6D29A /* en */,
				739544002B0766A700A6D29A /* nl */,
			);
			name = NothingFoundCell.xib;
			sourceTree = "<group>";
		};
		739544032B07671C00A6D29A /* LoadingCell.xib */ = {
			isa = PBXVariantGroup;
			children = (
				739544022B07671C00A6D29A /* Base */,
				739544092B07679800A6D29A /* nl */,
			);
			name = LoadingCell.xib;
			sourceTree = "<group>";
		};
		7395440F2B07769A00A6D29A /* Localizable.strings */ = {
			isa = PBXVariantGroup;
			children = (
				7395440E2B07769A00A6D29A /* en */,
				739544112B07776900A6D29A /* nl */,
			);
			name = Localizable.strings;
			sourceTree = "<group>";
		};
		73C81BD12B077F3100C2ADD6 /* InfoPlist.strings */ = {
			isa = PBXVariantGroup;
			children = (
				73C81BD02B077F3100C2ADD6 /* en */,
				73C81BD22B077F3400C2ADD6 /* nl */,
			);
			name = InfoPlist.strings;
			sourceTree = "<group>";
		};
/* End PBXVariantGroup section */

/* Begin XCBuildConfiguration section */
		7388B0542AE918EC00471295 /* Debug */ = {
			isa = XCBuildConfiguration;
			buildSettings = {
				ALWAYS_SEARCH_USER_PATHS = NO;
				ASSETCATALOG_COMPILER_GENERATE_SWIFT_ASSET_SYMBOL_EXTENSIONS = YES;
				CLANG_ANALYZER_LOCALIZABILITY_NONLOCALIZED = YES;
				CLANG_ANALYZER_NONNULL = YES;
				CLANG_ANALYZER_NUMBER_OBJECT_CONVERSION = YES_AGGRESSIVE;
				CLANG_CXX_LANGUAGE_STANDARD = "gnu++20";
				CLANG_ENABLE_MODULES = YES;
				CLANG_ENABLE_OBJC_ARC = YES;
				CLANG_ENABLE_OBJC_WEAK = YES;
				CLANG_WARN_BLOCK_CAPTURE_AUTORELEASING = YES;
				CLANG_WARN_BOOL_CONVERSION = YES;
				CLANG_WARN_COMMA = YES;
				CLANG_WARN_CONSTANT_CONVERSION = YES;
				CLANG_WARN_DEPRECATED_OBJC_IMPLEMENTATIONS = YES;
				CLANG_WARN_DIRECT_OBJC_ISA_USAGE = YES_ERROR;
				CLANG_WARN_DOCUMENTATION_COMMENTS = YES;
				CLANG_WARN_EMPTY_BODY = YES;
				CLANG_WARN_ENUM_CONVERSION = YES;
				CLANG_WARN_INFINITE_RECURSION = YES;
				CLANG_WARN_INT_CONVERSION = YES;
				CLANG_WARN_NON_LITERAL_NULL_CONVERSION = YES;
				CLANG_WARN_OBJC_IMPLICIT_RETAIN_SELF = YES;
				CLANG_WARN_OBJC_LITERAL_CONVERSION = YES;
				CLANG_WARN_OBJC_ROOT_CLASS = YES_ERROR;
				CLANG_WARN_QUOTED_INCLUDE_IN_FRAMEWORK_HEADER = YES;
				CLANG_WARN_RANGE_LOOP_ANALYSIS = YES;
				CLANG_WARN_STRICT_PROTOTYPES = YES;
				CLANG_WARN_SUSPICIOUS_MOVE = YES;
				CLANG_WARN_UNGUARDED_AVAILABILITY = YES_AGGRESSIVE;
				CLANG_WARN_UNREACHABLE_CODE = YES;
				CLANG_WARN__DUPLICATE_METHOD_MATCH = YES;
				COPY_PHASE_STRIP = NO;
				DEBUG_INFORMATION_FORMAT = dwarf;
				ENABLE_STRICT_OBJC_MSGSEND = YES;
				ENABLE_TESTABILITY = YES;
				ENABLE_USER_SCRIPT_SANDBOXING = YES;
				GCC_C_LANGUAGE_STANDARD = gnu17;
				GCC_DYNAMIC_NO_PIC = NO;
				GCC_NO_COMMON_BLOCKS = YES;
				GCC_OPTIMIZATION_LEVEL = 0;
				GCC_PREPROCESSOR_DEFINITIONS = (
					"DEBUG=1",
					"$(inherited)",
				);
				GCC_WARN_64_TO_32_BIT_CONVERSION = YES;
				GCC_WARN_ABOUT_RETURN_TYPE = YES_ERROR;
				GCC_WARN_UNDECLARED_SELECTOR = YES;
				GCC_WARN_UNINITIALIZED_AUTOS = YES_AGGRESSIVE;
				GCC_WARN_UNUSED_FUNCTION = YES;
				GCC_WARN_UNUSED_VARIABLE = YES;
				IPHONEOS_DEPLOYMENT_TARGET = 17.0;
				LOCALIZATION_PREFERS_STRING_CATALOGS = YES;
				MTL_ENABLE_DEBUG_INFO = INCLUDE_SOURCE;
				MTL_FAST_MATH = YES;
				ONLY_ACTIVE_ARCH = YES;
				SDKROOT = iphoneos;
				SWIFT_ACTIVE_COMPILATION_CONDITIONS = "DEBUG $(inherited)";
				SWIFT_OPTIMIZATION_LEVEL = "-Onone";
			};
			name = Debug;
		};
		7388B0552AE918EC00471295 /* Release */ = {
			isa = XCBuildConfiguration;
			buildSettings = {
				ALWAYS_SEARCH_USER_PATHS = NO;
				ASSETCATALOG_COMPILER_GENERATE_SWIFT_ASSET_SYMBOL_EXTENSIONS = YES;
				CLANG_ANALYZER_LOCALIZABILITY_NONLOCALIZED = YES;
				CLANG_ANALYZER_NONNULL = YES;
				CLANG_ANALYZER_NUMBER_OBJECT_CONVERSION = YES_AGGRESSIVE;
				CLANG_CXX_LANGUAGE_STANDARD = "gnu++20";
				CLANG_ENABLE_MODULES = YES;
				CLANG_ENABLE_OBJC_ARC = YES;
				CLANG_ENABLE_OBJC_WEAK = YES;
				CLANG_WARN_BLOCK_CAPTURE_AUTORELEASING = YES;
				CLANG_WARN_BOOL_CONVERSION = YES;
				CLANG_WARN_COMMA = YES;
				CLANG_WARN_CONSTANT_CONVERSION = YES;
				CLANG_WARN_DEPRECATED_OBJC_IMPLEMENTATIONS = YES;
				CLANG_WARN_DIRECT_OBJC_ISA_USAGE = YES_ERROR;
				CLANG_WARN_DOCUMENTATION_COMMENTS = YES;
				CLANG_WARN_EMPTY_BODY = YES;
				CLANG_WARN_ENUM_CONVERSION = YES;
				CLANG_WARN_INFINITE_RECURSION = YES;
				CLANG_WARN_INT_CONVERSION = YES;
				CLANG_WARN_NON_LITERAL_NULL_CONVERSION = YES;
				CLANG_WARN_OBJC_IMPLICIT_RETAIN_SELF = YES;
				CLANG_WARN_OBJC_LITERAL_CONVERSION = YES;
				CLANG_WARN_OBJC_ROOT_CLASS = YES_ERROR;
				CLANG_WARN_QUOTED_INCLUDE_IN_FRAMEWORK_HEADER = YES;
				CLANG_WARN_RANGE_LOOP_ANALYSIS = YES;
				CLANG_WARN_STRICT_PROTOTYPES = YES;
				CLANG_WARN_SUSPICIOUS_MOVE = YES;
				CLANG_WARN_UNGUARDED_AVAILABILITY = YES_AGGRESSIVE;
				CLANG_WARN_UNREACHABLE_CODE = YES;
				CLANG_WARN__DUPLICATE_METHOD_MATCH = YES;
				COPY_PHASE_STRIP = NO;
				DEBUG_INFORMATION_FORMAT = "dwarf-with-dsym";
				ENABLE_NS_ASSERTIONS = NO;
				ENABLE_STRICT_OBJC_MSGSEND = YES;
				ENABLE_USER_SCRIPT_SANDBOXING = YES;
				GCC_C_LANGUAGE_STANDARD = gnu17;
				GCC_NO_COMMON_BLOCKS = YES;
				GCC_WARN_64_TO_32_BIT_CONVERSION = YES;
				GCC_WARN_ABOUT_RETURN_TYPE = YES_ERROR;
				GCC_WARN_UNDECLARED_SELECTOR = YES;
				GCC_WARN_UNINITIALIZED_AUTOS = YES_AGGRESSIVE;
				GCC_WARN_UNUSED_FUNCTION = YES;
				GCC_WARN_UNUSED_VARIABLE = YES;
				IPHONEOS_DEPLOYMENT_TARGET = 17.0;
				LOCALIZATION_PREFERS_STRING_CATALOGS = YES;
				MTL_ENABLE_DEBUG_INFO = NO;
				MTL_FAST_MATH = YES;
				SDKROOT = iphoneos;
				SWIFT_COMPILATION_MODE = wholemodule;
				VALIDATE_PRODUCT = YES;
			};
			name = Release;
		};
		7388B0572AE918EC00471295 /* Debug */ = {
			isa = XCBuildConfiguration;
			buildSettings = {
				ASSETCATALOG_COMPILER_APPICON_NAME = AppIcon;
				ASSETCATALOG_COMPILER_GLOBAL_ACCENT_COLOR_NAME = AccentColor;
				CODE_SIGN_STYLE = Automatic;
				CURRENT_PROJECT_VERSION = 1;
				DEVELOPMENT_TEAM = 68Y6PK33C5;
				GENERATE_INFOPLIST_FILE = YES;
				INFOPLIST_FILE = StoreSearch/Info.plist;
				INFOPLIST_KEY_UIApplicationSupportsIndirectInputEvents = YES;
				INFOPLIST_KEY_UILaunchStoryboardName = Main.storyboard;
				INFOPLIST_KEY_UIMainStoryboardFile = Main;
				INFOPLIST_KEY_UISupportedInterfaceOrientations = "UIInterfaceOrientationLandscapeLeft UIInterfaceOrientationLandscapeRight UIInterfaceOrientationPortrait";
				INFOPLIST_KEY_UISupportedInterfaceOrientations_iPad = "UIInterfaceOrientationLandscapeLeft UIInterfaceOrientationLandscapeRight UIInterfaceOrientationPortrait UIInterfaceOrientationPortraitUpsideDown";
				LD_RUNPATH_SEARCH_PATHS = (
					"$(inherited)",
					"@executable_path/Frameworks",
				);
				MARKETING_VERSION = 1.0;
				PRODUCT_BUNDLE_IDENTIFIER = MK.StoreSearch;
				PRODUCT_NAME = "$(TARGET_NAME)";
				SUPPORTED_PLATFORMS = "iphoneos iphonesimulator";
				SUPPORTS_MACCATALYST = NO;
				SUPPORTS_MAC_DESIGNED_FOR_IPHONE_IPAD = NO;
				SWIFT_EMIT_LOC_STRINGS = YES;
				SWIFT_VERSION = 5.0;
				TARGETED_DEVICE_FAMILY = "1,2";
			};
			name = Debug;
		};
		7388B0582AE918EC00471295 /* Release */ = {
			isa = XCBuildConfiguration;
			buildSettings = {
				ASSETCATALOG_COMPILER_APPICON_NAME = AppIcon;
				ASSETCATALOG_COMPILER_GLOBAL_ACCENT_COLOR_NAME = AccentColor;
				CODE_SIGN_STYLE = Automatic;
				CURRENT_PROJECT_VERSION = 1;
				DEVELOPMENT_TEAM = 68Y6PK33C5;
				GENERATE_INFOPLIST_FILE = YES;
				INFOPLIST_FILE = StoreSearch/Info.plist;
				INFOPLIST_KEY_UIApplicationSupportsIndirectInputEvents = YES;
				INFOPLIST_KEY_UILaunchStoryboardName = Main.storyboard;
				INFOPLIST_KEY_UIMainStoryboardFile = Main;
				INFOPLIST_KEY_UISupportedInterfaceOrientations = "UIInterfaceOrientationLandscapeLeft UIInterfaceOrientationLandscapeRight UIInterfaceOrientationPortrait";
				INFOPLIST_KEY_UISupportedInterfaceOrientations_iPad = "UIInterfaceOrientationLandscapeLeft UIInterfaceOrientationLandscapeRight UIInterfaceOrientationPortrait UIInterfaceOrientationPortraitUpsideDown";
				LD_RUNPATH_SEARCH_PATHS = (
					"$(inherited)",
					"@executable_path/Frameworks",
				);
				MARKETING_VERSION = 1.0;
				PRODUCT_BUNDLE_IDENTIFIER = MK.StoreSearch;
				PRODUCT_NAME = "$(TARGET_NAME)";
				SUPPORTED_PLATFORMS = "iphoneos iphonesimulator";
				SUPPORTS_MACCATALYST = NO;
				SUPPORTS_MAC_DESIGNED_FOR_IPHONE_IPAD = NO;
				SWIFT_EMIT_LOC_STRINGS = YES;
				SWIFT_VERSION = 5.0;
				TARGETED_DEVICE_FAMILY = "1,2";
			};
			name = Release;
		};
/* End XCBuildConfiguration section */

/* Begin XCConfigurationList section */
		7388B03D2AE918EB00471295 /* Build configuration list for PBXProject "StoreSearch" */ = {
			isa = XCConfigurationList;
			buildConfigurations = (
				7388B0542AE918EC00471295 /* Debug */,
				7388B0552AE918EC00471295 /* Release */,
			);
			defaultConfigurationIsVisible = 0;
			defaultConfigurationName = Release;
		};
		7388B0562AE918EC00471295 /* Build configuration list for PBXNativeTarget "StoreSearch" */ = {
			isa = XCConfigurationList;
			buildConfigurations = (
				7388B0572AE918EC00471295 /* Debug */,
				7388B0582AE918EC00471295 /* Release */,
			);
			defaultConfigurationIsVisible = 0;
			defaultConfigurationName = Release;
		};
/* End XCConfigurationList section */
	};
	rootObject = 7388B03A2AE918EB00471295 /* Project object */;
}
